// !$*UTF8*$!
{
	archiveVersion = 1;
	classes = {
	};
	objectVersion = 77;
	objects = {

/* Begin PBXBuildFile section */
		FA7BCC412E5A12F7008EB63D /* RealmSwift in Frameworks */ = {isa = PBXBuildFile; productRef = FA7BCC402E5A12F7008EB63D /* RealmSwift */; };
		FA7BCC442E5A1303008EB63D /* Alamofire in Frameworks */ = {isa = PBXBuildFile; productRef = FA7BCC432E5A1303008EB63D /* Alamofire */; };
		FA7BCC472E5A130D008EB63D /* Kingfisher in Frameworks */ = {isa = PBXBuildFile; productRef = FA7BCC462E5A130D008EB63D /* Kingfisher */; };
		FA7BCC482E5A1312008EB63D /* RealmSwift in Embed Frameworks */ = {isa = PBXBuildFile; productRef = FA7BCC402E5A12F7008EB63D /* RealmSwift */; settings = {ATTRIBUTES = (CodeSignOnCopy, ); }; };
		FA7BCC4B2E5A13B3008EB63D /* README.md in Resources */ = {isa = PBXBuildFile; fileRef = FA7BCC4A2E5A13B3008EB63D /* README.md */; };
		FA7BCD582E5B93BF008EB63D /* RealmSwift in Frameworks */ = {isa = PBXBuildFile; productRef = FA7BCD572E5B93BF008EB63D /* RealmSwift */; };
		FA7BCD592E5B93BF008EB63D /* RealmSwift in Embed Frameworks */ = {isa = PBXBuildFile; productRef = FA7BCD572E5B93BF008EB63D /* RealmSwift */; settings = {ATTRIBUTES = (CodeSignOnCopy, ); }; };
		FA7BCD5C2E5B93C4008EB63D /* Alamofire in Frameworks */ = {isa = PBXBuildFile; productRef = FA7BCD5B2E5B93C4008EB63D /* Alamofire */; };
		FA7BCD5E2E5B93C8008EB63D /* Kingfisher in Frameworks */ = {isa = PBXBuildFile; productRef = FA7BCD5D2E5B93C8008EB63D /* Kingfisher */; };
/* End PBXBuildFile section */

/* Begin PBXContainerItemProxy section */
		FA7BCD422E5B8E13008EB63D /* PBXContainerItemProxy */ = {
			isa = PBXContainerItemProxy;
			containerPortal = FA7BCB662E5A0049008EB63D /* Project object */;
			proxyType = 1;
			remoteGlobalIDString = FA7BCB6D2E5A0049008EB63D;
			remoteInfo = iOSTaskYassir;
		};
/* End PBXContainerItemProxy section */

/* Begin PBXCopyFilesBuildPhase section */
		FA7BCC492E5A1312008EB63D /* Embed Frameworks */ = {
			isa = PBXCopyFilesBuildPhase;
			buildActionMask = 2147483647;
			dstPath = "";
			dstSubfolderSpec = 10;
			files = (
				FA7BCC482E5A1312008EB63D /* RealmSwift in Embed Frameworks */,
			);
			name = "Embed Frameworks";
			runOnlyForDeploymentPostprocessing = 0;
		};
		FA7BCD5A2E5B93BF008EB63D /* Embed Frameworks */ = {
			isa = PBXCopyFilesBuildPhase;
			buildActionMask = 2147483647;
			dstPath = "";
			dstSubfolderSpec = 10;
			files = (
				FA7BCD592E5B93BF008EB63D /* RealmSwift in Embed Frameworks */,
			);
			name = "Embed Frameworks";
			runOnlyForDeploymentPostprocessing = 0;
		};
/* End PBXCopyFilesBuildPhase section */

/* Begin PBXFileReference section */
		FA7BCB6E2E5A0049008EB63D /* iOSTaskYassir.app */ = {isa = PBXFileReference; explicitFileType = wrapper.application; includeInIndex = 0; path = iOSTaskYassir.app; sourceTree = BUILT_PRODUCTS_DIR; };
		FA7BCC4A2E5A13B3008EB63D /* README.md */ = {isa = PBXFileReference; lastKnownFileType = net.daringfireball.markdown; path = README.md; sourceTree = "<group>"; };
		FA7BCD3E2E5B8E13008EB63D /* YassirIOSTaskTests.xctest */ = {isa = PBXFileReference; explicitFileType = wrapper.cfbundle; includeInIndex = 0; path = YassirIOSTaskTests.xctest; sourceTree = BUILT_PRODUCTS_DIR; };
/* End PBXFileReference section */

/* Begin PBXFileSystemSynchronizedRootGroup section */
		FA7BCB702E5A0049008EB63D /* iOSTaskYassir */ = {
			isa = PBXFileSystemSynchronizedRootGroup;
			path = iOSTaskYassir;
			sourceTree = "<group>";
		};
		FA7BCD3F2E5B8E13008EB63D /* YassirIOSTaskTests */ = {
			isa = PBXFileSystemSynchronizedRootGroup;
			path = YassirIOSTaskTests;
			sourceTree = "<group>";
		};
/* End PBXFileSystemSynchronizedRootGroup section */

/* Begin PBXFrameworksBuildPhase section */
		FA7BCB6B2E5A0049008EB63D /* Frameworks */ = {
			isa = PBXFrameworksBuildPhase;
			buildActionMask = 2147483647;
			files = (
				FA7BCC472E5A130D008EB63D /* Kingfisher in Frameworks */,
				FA7BCC412E5A12F7008EB63D /* RealmSwift in Frameworks */,
				FA7BCC442E5A1303008EB63D /* Alamofire in Frameworks */,
			);
			runOnlyForDeploymentPostprocessing = 0;
		};
		FA7BCD3B2E5B8E13008EB63D /* Frameworks */ = {
			isa = PBXFrameworksBuildPhase;
			buildActionMask = 2147483647;
			files = (
				FA7BCD5E2E5B93C8008EB63D /* Kingfisher in Frameworks */,
				FA7BCD582E5B93BF008EB63D /* RealmSwift in Frameworks */,
				FA7BCD5C2E5B93C4008EB63D /* Alamofire in Frameworks */,
			);
			runOnlyForDeploymentPostprocessing = 0;
		};
/* End PBXFrameworksBuildPhase section */

/* Begin PBXGroup section */
		FA7BCB652E5A0049008EB63D = {
			isa = PBXGroup;
			children = (
				FA7BCC4A2E5A13B3008EB63D /* README.md */,
				FA7BCB702E5A0049008EB63D /* iOSTaskYassir */,
				FA7BCD3F2E5B8E13008EB63D /* YassirIOSTaskTests */,
				FA7BCB6F2E5A0049008EB63D /* Products */,
			);
			sourceTree = "<group>";
		};
		FA7BCB6F2E5A0049008EB63D /* Products */ = {
			isa = PBXGroup;
			children = (
				FA7BCB6E2E5A0049008EB63D /* iOSTaskYassir.app */,
				FA7BCD3E2E5B8E13008EB63D /* YassirIOSTaskTests.xctest */,
			);
			name = Products;
			sourceTree = "<group>";
		};
/* End PBXGroup section */

/* Begin PBXNativeTarget section */
		FA7BCB6D2E5A0049008EB63D /* iOSTaskYassir */ = {
			isa = PBXNativeTarget;
			buildConfigurationList = FA7BCB792E5A004B008EB63D /* Build configuration list for PBXNativeTarget "iOSTaskYassir" */;
			buildPhases = (
				FA7BCB6A2E5A0049008EB63D /* Sources */,
				FA7BCB6B2E5A0049008EB63D /* Frameworks */,
				FA7BCB6C2E5A0049008EB63D /* Resources */,
				FA7BCC492E5A1312008EB63D /* Embed Frameworks */,
			);
			buildRules = (
			);
			dependencies = (
			);
			fileSystemSynchronizedGroups = (
				FA7BCB702E5A0049008EB63D /* iOSTaskYassir */,
			);
			name = iOSTaskYassir;
			packageProductDependencies = (
				FA7BCC402E5A12F7008EB63D /* RealmSwift */,
				FA7BCC432E5A1303008EB63D /* Alamofire */,
				FA7BCC462E5A130D008EB63D /* Kingfisher */,
			);
			productName = iOSTaskYassir;
			productReference = FA7BCB6E2E5A0049008EB63D /* iOSTaskYassir.app */;
			productType = "com.apple.product-type.application";
		};
		FA7BCD3D2E5B8E13008EB63D /* YassirIOSTaskTests */ = {
			isa = PBXNativeTarget;
			buildConfigurationList = FA7BCD442E5B8E13008EB63D /* Build configuration list for PBXNativeTarget "YassirIOSTaskTests" */;
			buildPhases = (
				FA7BCD3A2E5B8E13008EB63D /* Sources */,
				FA7BCD3B2E5B8E13008EB63D /* Frameworks */,
				FA7BCD3C2E5B8E13008EB63D /* Resources */,
				FA7BCD5A2E5B93BF008EB63D /* Embed Frameworks */,
			);
			buildRules = (
			);
			dependencies = (
				FA7BCD432E5B8E13008EB63D /* PBXTargetDependency */,
			);
			fileSystemSynchronizedGroups = (
				FA7BCD3F2E5B8E13008EB63D /* YassirIOSTaskTests */,
			);
			name = YassirIOSTaskTests;
			packageProductDependencies = (
				FA7BCD572E5B93BF008EB63D /* RealmSwift */,
				FA7BCD5B2E5B93C4008EB63D /* Alamofire */,
				FA7BCD5D2E5B93C8008EB63D /* Kingfisher */,
			);
			productName = YassirIOSTaskTests;
			productReference = FA7BCD3E2E5B8E13008EB63D /* YassirIOSTaskTests.xctest */;
			productType = "com.apple.product-type.bundle.unit-test";
		};
/* End PBXNativeTarget section */

/* Begin PBXProject section */
		FA7BCB662E5A0049008EB63D /* Project object */ = {
			isa = PBXProject;
			attributes = {
				BuildIndependentTargetsInParallel = 1;
				LastSwiftUpdateCheck = 1640;
				LastUpgradeCheck = 1640;
				TargetAttributes = {
					FA7BCB6D2E5A0049008EB63D = {
						CreatedOnToolsVersion = 16.4;
					};
					FA7BCD3D2E5B8E13008EB63D = {
						CreatedOnToolsVersion = 16.4;
						TestTargetID = FA7BCB6D2E5A0049008EB63D;
					};
				};
			};
			buildConfigurationList = FA7BCB692E5A0049008EB63D /* Build configuration list for PBXProject "iOSTaskYassir" */;
			developmentRegion = en;
			hasScannedForEncodings = 0;
			knownRegions = (
				en,
				Base,
			);
			mainGroup = FA7BCB652E5A0049008EB63D;
			minimizedProjectReferenceProxies = 1;
			packageReferences = (
				FA7BCC3F2E5A12F7008EB63D /* XCRemoteSwiftPackageReference "realm-swift" */,
				FA7BCC422E5A1303008EB63D /* XCRemoteSwiftPackageReference "Alamofire" */,
				FA7BCC452E5A130D008EB63D /* XCRemoteSwiftPackageReference "Kingfisher" */,
			);
			preferredProjectObjectVersion = 77;
			productRefGroup = FA7BCB6F2E5A0049008EB63D /* Products */;
			projectDirPath = "";
			projectRoot = "";
			targets = (
				FA7BCB6D2E5A0049008EB63D /* iOSTaskYassir */,
				FA7BCD3D2E5B8E13008EB63D /* YassirIOSTaskTests */,
			);
		};
/* End PBXProject section */

/* Begin PBXResourcesBuildPhase section */
		FA7BCB6C2E5A0049008EB63D /* Resources */ = {
			isa = PBXResourcesBuildPhase;
			buildActionMask = 2147483647;
			files = (
				FA7BCC4B2E5A13B3008EB63D /* README.md in Resources */,
			);
			runOnlyForDeploymentPostprocessing = 0;
		};
		FA7BCD3C2E5B8E13008EB63D /* Resources */ = {
			isa = PBXResourcesBuildPhase;
			buildActionMask = 2147483647;
			files = (
			);
			runOnlyForDeploymentPostprocessing = 0;
		};
/* End PBXResourcesBuildPhase section */

/* Begin PBXSourcesBuildPhase section */
		FA7BCB6A2E5A0049008EB63D /* Sources */ = {
			isa = PBXSourcesBuildPhase;
			buildActionMask = 2147483647;
			files = (
			);
			runOnlyForDeploymentPostprocessing = 0;
		};
		FA7BCD3A2E5B8E13008EB63D /* Sources */ = {
			isa = PBXSourcesBuildPhase;
			buildActionMask = 2147483647;
			files = (
			);
			runOnlyForDeploymentPostprocessing = 0;
		};
/* End PBXSourcesBuildPhase section */

/* Begin PBXTargetDependency section */
		FA7BCD432E5B8E13008EB63D /* PBXTargetDependency */ = {
			isa = PBXTargetDependency;
			target = FA7BCB6D2E5A0049008EB63D /* iOSTaskYassir */;
			targetProxy = FA7BCD422E5B8E13008EB63D /* PBXContainerItemProxy */;
		};
/* End PBXTargetDependency section */

/* Begin XCBuildConfiguration section */
		FA7BCB772E5A004B008EB63D /* Debug */ = {
			isa = XCBuildConfiguration;
			buildSettings = {
				ALWAYS_SEARCH_USER_PATHS = NO;
				ASSETCATALOG_COMPILER_GENERATE_SWIFT_ASSET_SYMBOL_EXTENSIONS = YES;
				CLANG_ANALYZER_NONNULL = YES;
				CLANG_ANALYZER_NUMBER_OBJECT_CONVERSION = YES_AGGRESSIVE;
				CLANG_CXX_LANGUAGE_STANDARD = "gnu++20";
				CLANG_ENABLE_MODULES = YES;
				CLANG_ENABLE_OBJC_ARC = YES;
				CLANG_ENABLE_OBJC_WEAK = YES;
				CLANG_WARN_BLOCK_CAPTURE_AUTORELEASING = YES;
				CLANG_WARN_BOOL_CONVERSION = YES;
				CLANG_WARN_COMMA = YES;
				CLANG_WARN_CONSTANT_CONVERSION = YES;
				CLANG_WARN_DEPRECATED_OBJC_IMPLEMENTATIONS = YES;
				CLANG_WARN_DIRECT_OBJC_ISA_USAGE = YES_ERROR;
				CLANG_WARN_DOCUMENTATION_COMMENTS = YES;
				CLANG_WARN_EMPTY_BODY = YES;
				CLANG_WARN_ENUM_CONVERSION = YES;
				CLANG_WARN_INFINITE_RECURSION = YES;
				CLANG_WARN_INT_CONVERSION = YES;
				CLANG_WARN_NON_LITERAL_NULL_CONVERSION = YES;
				CLANG_WARN_OBJC_IMPLICIT_RETAIN_SELF = YES;
				CLANG_WARN_OBJC_LITERAL_CONVERSION = YES;
				CLANG_WARN_OBJC_ROOT_CLASS = YES_ERROR;
				CLANG_WARN_QUOTED_INCLUDE_IN_FRAMEWORK_HEADER = YES;
				CLANG_WARN_RANGE_LOOP_ANALYSIS = YES;
				CLANG_WARN_STRICT_PROTOTYPES = YES;
				CLANG_WARN_SUSPICIOUS_MOVE = YES;
				CLANG_WARN_UNGUARDED_AVAILABILITY = YES_AGGRESSIVE;
				CLANG_WARN_UNREACHABLE_CODE = YES;
				CLANG_WARN__DUPLICATE_METHOD_MATCH = YES;
				COPY_PHASE_STRIP = NO;
				DEBUG_INFORMATION_FORMAT = dwarf;
				DEVELOPMENT_TEAM = RB6R56A4H5;
				ENABLE_STRICT_OBJC_MSGSEND = YES;
				ENABLE_TESTABILITY = YES;
				ENABLE_USER_SCRIPT_SANDBOXING = YES;
				GCC_C_LANGUAGE_STANDARD = gnu17;
				GCC_DYNAMIC_NO_PIC = NO;
				GCC_NO_COMMON_BLOCKS = YES;
				GCC_OPTIMIZATION_LEVEL = 0;
				GCC_PREPROCESSOR_DEFINITIONS = (
					"DEBUG=1",
					"$(inherited)",
				);
				GCC_WARN_64_TO_32_BIT_CONVERSION = YES;
				GCC_WARN_ABOUT_RETURN_TYPE = YES_ERROR;
				GCC_WARN_UNDECLARED_SELECTOR = YES;
				GCC_WARN_UNINITIALIZED_AUTOS = YES_AGGRESSIVE;
				GCC_WARN_UNUSED_FUNCTION = YES;
				GCC_WARN_UNUSED_VARIABLE = YES;
				IPHONEOS_DEPLOYMENT_TARGET = 18.5;
				LOCALIZATION_PREFERS_STRING_CATALOGS = YES;
				MTL_ENABLE_DEBUG_INFO = INCLUDE_SOURCE;
				MTL_FAST_MATH = YES;
				ONLY_ACTIVE_ARCH = YES;
				SDKROOT = iphoneos;
				SWIFT_ACTIVE_COMPILATION_CONDITIONS = "DEBUG $(inherited)";
				SWIFT_OPTIMIZATION_LEVEL = "-Onone";
			};
			name = Debug;
		};
		FA7BCB782E5A004B008EB63D /* Release */ = {
			isa = XCBuildConfiguration;
			buildSettings = {
				ALWAYS_SEARCH_USER_PATHS = NO;
				ASSETCATALOG_COMPILER_GENERATE_SWIFT_ASSET_SYMBOL_EXTENSIONS = YES;
				CLANG_ANALYZER_NONNULL = YES;
				CLANG_ANALYZER_NUMBER_OBJECT_CONVERSION = YES_AGGRESSIVE;
				CLANG_CXX_LANGUAGE_STANDARD = "gnu++20";
				CLANG_ENABLE_MODULES = YES;
				CLANG_ENABLE_OBJC_ARC = YES;
				CLANG_ENABLE_OBJC_WEAK = YES;
				CLANG_WARN_BLOCK_CAPTURE_AUTORELEASING = YES;
				CLANG_WARN_BOOL_CONVERSION = YES;
				CLANG_WARN_COMMA = YES;
				CLANG_WARN_CONSTANT_CONVERSION = YES;
				CLANG_WARN_DEPRECATED_OBJC_IMPLEMENTATIONS = YES;
				CLANG_WARN_DIRECT_OBJC_ISA_USAGE = YES_ERROR;
				CLANG_WARN_DOCUMENTATION_COMMENTS = YES;
				CLANG_WARN_EMPTY_BODY = YES;
				CLANG_WARN_ENUM_CONVERSION = YES;
				CLANG_WARN_INFINITE_RECURSION = YES;
				CLANG_WARN_INT_CONVERSION = YES;
				CLANG_WARN_NON_LITERAL_NULL_CONVERSION = YES;
				CLANG_WARN_OBJC_IMPLICIT_RETAIN_SELF = YES;
				CLANG_WARN_OBJC_LITERAL_CONVERSION = YES;
				CLANG_WARN_OBJC_ROOT_CLASS = YES_ERROR;
				CLANG_WARN_QUOTED_INCLUDE_IN_FRAMEWORK_HEADER = YES;
				CLANG_WARN_RANGE_LOOP_ANALYSIS = YES;
				CLANG_WARN_STRICT_PROTOTYPES = YES;
				CLANG_WARN_SUSPICIOUS_MOVE = YES;
				CLANG_WARN_UNGUARDED_AVAILABILITY = YES_AGGRESSIVE;
				CLANG_WARN_UNREACHABLE_CODE = YES;
				CLANG_WARN__DUPLICATE_METHOD_MATCH = YES;
				COPY_PHASE_STRIP = NO;
				DEBUG_INFORMATION_FORMAT = "dwarf-with-dsym";
				DEVELOPMENT_TEAM = RB6R56A4H5;
				ENABLE_NS_ASSERTIONS = NO;
				ENABLE_STRICT_OBJC_MSGSEND = YES;
				ENABLE_USER_SCRIPT_SANDBOXING = YES;
				GCC_C_LANGUAGE_STANDARD = gnu17;
				GCC_NO_COMMON_BLOCKS = YES;
				GCC_WARN_64_TO_32_BIT_CONVERSION = YES;
				GCC_WARN_ABOUT_RETURN_TYPE = YES_ERROR;
				GCC_WARN_UNDECLARED_SELECTOR = YES;
				GCC_WARN_UNINITIALIZED_AUTOS = YES_AGGRESSIVE;
				GCC_WARN_UNUSED_FUNCTION = YES;
				GCC_WARN_UNUSED_VARIABLE = YES;
				IPHONEOS_DEPLOYMENT_TARGET = 18.5;
				LOCALIZATION_PREFERS_STRING_CATALOGS = YES;
				MTL_ENABLE_DEBUG_INFO = NO;
				MTL_FAST_MATH = YES;
				SDKROOT = iphoneos;
				SWIFT_COMPILATION_MODE = wholemodule;
				VALIDATE_PRODUCT = YES;
			};
			name = Release;
		};
		FA7BCB7A2E5A004B008EB63D /* Debug */ = {
			isa = XCBuildConfiguration;
			buildSettings = {
				ASSETCATALOG_COMPILER_APPICON_NAME = AppIcon;
				ASSETCATALOG_COMPILER_GLOBAL_ACCENT_COLOR_NAME = AccentColor;
				CODE_SIGN_STYLE = Automatic;
				CURRENT_PROJECT_VERSION = 1;
				DEVELOPMENT_TEAM = RB6R56A4H5;
				ENABLE_PREVIEWS = YES;
				GENERATE_INFOPLIST_FILE = YES;
				INFOPLIST_KEY_CFBundleDisplayName = "YassirTask ";
				INFOPLIST_KEY_UIApplicationSceneManifest_Generation = YES;
				INFOPLIST_KEY_UIApplicationSupportsIndirectInputEvents = YES;
				INFOPLIST_KEY_UILaunchScreen_Generation = YES;
				INFOPLIST_KEY_UISupportedInterfaceOrientations = UIInterfaceOrientationPortrait;
				INFOPLIST_KEY_UISupportedInterfaceOrientations_iPad = "UIInterfaceOrientationLandscapeLeft UIInterfaceOrientationLandscapeRight UIInterfaceOrientationPortrait UIInterfaceOrientationPortraitUpsideDown";
				IPHONEOS_DEPLOYMENT_TARGET = 17.0;
				LD_RUNPATH_SEARCH_PATHS = (
					"$(inherited)",
					"@executable_path/Frameworks",
				);
				MARKETING_VERSION = 1.0.0;
				PRODUCT_BUNDLE_IDENTIFIER = com.mshendy.iOSTaskYassir;
				PRODUCT_NAME = "$(TARGET_NAME)";
				SUPPORTED_PLATFORMS = "iphoneos iphonesimulator";
				SUPPORTS_MACCATALYST = NO;
				SUPPORTS_MAC_DESIGNED_FOR_IPHONE_IPAD = NO;
				SUPPORTS_XR_DESIGNED_FOR_IPHONE_IPAD = NO;
				SWIFT_EMIT_LOC_STRINGS = YES;
				SWIFT_VERSION = 5.0;
				TARGETED_DEVICE_FAMILY = "1,2";
			};
			name = Debug;
		};
		FA7BCB7B2E5A004B008EB63D /* Release */ = {
			isa = XCBuildConfiguration;
			buildSettings = {
				ASSETCATALOG_COMPILER_APPICON_NAME = AppIcon;
				ASSETCATALOG_COMPILER_GLOBAL_ACCENT_COLOR_NAME = AccentColor;
				CODE_SIGN_STYLE = Automatic;
				CURRENT_PROJECT_VERSION = 1;
				DEVELOPMENT_TEAM = RB6R56A4H5;
				ENABLE_PREVIEWS = YES;
				GENERATE_INFOPLIST_FILE = YES;
				INFOPLIST_KEY_CFBundleDisplayName = "YassirTask ";
				INFOPLIST_KEY_UIApplicationSceneManifest_Generation = YES;
				INFOPLIST_KEY_UIApplicationSupportsIndirectInputEvents = YES;
				INFOPLIST_KEY_UILaunchScreen_Generation = YES;
				INFOPLIST_KEY_UISupportedInterfaceOrientations = UIInterfaceOrientationPortrait;
				INFOPLIST_KEY_UISupportedInterfaceOrientations_iPad = "UIInterfaceOrientationLandscapeLeft UIInterfaceOrientationLandscapeRight UIInterfaceOrientationPortrait UIInterfaceOrientationPortraitUpsideDown";
				IPHONEOS_DEPLOYMENT_TARGET = 17.0;
				LD_RUNPATH_SEARCH_PATHS = (
					"$(inherited)",
					"@executable_path/Frameworks",
				);
				MARKETING_VERSION = 1.0.0;
				PRODUCT_BUNDLE_IDENTIFIER = com.mshendy.iOSTaskYassir;
				PRODUCT_NAME = "$(TARGET_NAME)";
				SUPPORTED_PLATFORMS = "iphoneos iphonesimulator";
				SUPPORTS_MACCATALYST = NO;
				SUPPORTS_MAC_DESIGNED_FOR_IPHONE_IPAD = NO;
				SUPPORTS_XR_DESIGNED_FOR_IPHONE_IPAD = NO;
				SWIFT_EMIT_LOC_STRINGS = YES;
				SWIFT_VERSION = 5.0;
				TARGETED_DEVICE_FAMILY = "1,2";
			};
			name = Release;
		};
		FA7BCD452E5B8E13008EB63D /* Debug */ = {
			isa = XCBuildConfiguration;
			buildSettings = {
				BUNDLE_LOADER = "$(TEST_HOST)";
				CODE_SIGN_STYLE = Automatic;
				CURRENT_PROJECT_VERSION = 1;
				DEVELOPMENT_TEAM = RB6R56A4H5;
				GENERATE_INFOPLIST_FILE = YES;
				LD_RUNPATH_SEARCH_PATHS = (
					"$(inherited)",
					"$(LD_RUNPATH_SEARCH_PATHS_SHALLOW_BUNDLE_$(SHALLOW_BUNDLE))",
					"@executable_path/Frameworks",
				);
				MARKETING_VERSION = 1.0;
				PRODUCT_BUNDLE_IDENTIFIER = com.mshendy.YassirIOSTaskTests;
				PRODUCT_NAME = "$(TARGET_NAME)";
				SWIFT_EMIT_LOC_STRINGS = NO;
				SWIFT_VERSION = 5.0;
				TARGETED_DEVICE_FAMILY = "1,2";
				TEST_HOST = "$(BUILT_PRODUCTS_DIR)/iOSTaskYassir.app/$(BUNDLE_EXECUTABLE_FOLDER_PATH)/iOSTaskYassir";
			};
			name = Debug;
		};
		FA7BCD462E5B8E13008EB63D /* Release */ = {
			isa = XCBuildConfiguration;
			buildSettings = {
				BUNDLE_LOADER = "$(TEST_HOST)";
				CODE_SIGN_STYLE = Automatic;
				CURRENT_PROJECT_VERSION = 1;
				DEVELOPMENT_TEAM = RB6R56A4H5;
				GENERATE_INFOPLIST_FILE = YES;
				LD_RUNPATH_SEARCH_PATHS = (
					"$(inherited)",
					"$(LD_RUNPATH_SEARCH_PATHS_SHALLOW_BUNDLE_$(SHALLOW_BUNDLE))",
					"@executable_path/Frameworks",
				);
				MARKETING_VERSION = 1.0;
				PRODUCT_BUNDLE_IDENTIFIER = com.mshendy.YassirIOSTaskTests;
				PRODUCT_NAME = "$(TARGET_NAME)";
				SWIFT_EMIT_LOC_STRINGS = NO;
				SWIFT_VERSION = 5.0;
				TARGETED_DEVICE_FAMILY = "1,2";
				TEST_HOST = "$(BUILT_PRODUCTS_DIR)/iOSTaskYassir.app/$(BUNDLE_EXECUTABLE_FOLDER_PATH)/iOSTaskYassir";
			};
			name = Release;
		};
/* End XCBuildConfiguration section */

/* Begin XCConfigurationList section */
		FA7BCB692E5A0049008EB63D /* Build configuration list for PBXProject "iOSTaskYassir" */ = {
			isa = XCConfigurationList;
			buildConfigurations = (
				FA7BCB772E5A004B008EB63D /* Debug */,
				FA7BCB782E5A004B008EB63D /* Release */,
			);
			defaultConfigurationIsVisible = 0;
			defaultConfigurationName = Release;
		};
		FA7BCB792E5A004B008EB63D /* Build configuration list for PBXNativeTarget "iOSTaskYassir" */ = {
			isa = XCConfigurationList;
			buildConfigurations = (
				FA7BCB7A2E5A004B008EB63D /* Debug */,
				FA7BCB7B2E5A004B008EB63D /* Release */,
			);
			defaultConfigurationIsVisible = 0;
			defaultConfigurationName = Release;
		};
		FA7BCD442E5B8E13008EB63D /* Build configuration list for PBXNativeTarget "YassirIOSTaskTests" */ = {
			isa = XCConfigurationList;
			buildConfigurations = (
				FA7BCD452E5B8E13008EB63D /* Debug */,
				FA7BCD462E5B8E13008EB63D /* Release */,
			);
			defaultConfigurationIsVisible = 0;
			defaultConfigurationName = Release;
		};
/* End XCConfigurationList section */

/* Begin XCRemoteSwiftPackageReference section */
		FA7BCC3F2E5A12F7008EB63D /* XCRemoteSwiftPackageReference "realm-swift" */ = {
			isa = XCRemoteSwiftPackageReference;
			repositoryURL = "https://github.com/realm/realm-swift";
			requirement = {
				kind = upToNextMajorVersion;
				minimumVersion = 10.0.0;
			};
		};
		FA7BCC422E5A1303008EB63D /* XCRemoteSwiftPackageReference "Alamofire" */ = {
			isa = XCRemoteSwiftPackageReference;
			repositoryURL = "https://github.com/Alamofire/Alamofire.git";
			requirement = {
				kind = upToNextMajorVersion;
				minimumVersion = 5.10.2;
			};
		};
		FA7BCC452E5A130D008EB63D /* XCRemoteSwiftPackageReference "Kingfisher" */ = {
			isa = XCRemoteSwiftPackageReference;
			repositoryURL = "https://github.com/onevcat/Kingfisher.git";
			requirement = {
				kind = upToNextMajorVersion;
				minimumVersion = 8.5.0;
			};
		};
/* End XCRemoteSwiftPackageReference section */

/* Begin XCSwiftPackageProductDependency section */
		FA7BCC402E5A12F7008EB63D /* RealmSwift */ = {
			isa = XCSwiftPackageProductDependency;
			package = FA7BCC3F2E5A12F7008EB63D /* XCRemoteSwiftPackageReference "realm-swift" */;
			productName = RealmSwift;
		};
		FA7BCC432E5A1303008EB63D /* Alamofire */ = {
			isa = XCSwiftPackageProductDependency;
			package = FA7BCC422E5A1303008EB63D /* XCRemoteSwiftPackageReference "Alamofire" */;
			productName = Alamofire;
		};
		FA7BCC462E5A130D008EB63D /* Kingfisher */ = {
			isa = XCSwiftPackageProductDependency;
			package = FA7BCC452E5A130D008EB63D /* XCRemoteSwiftPackageReference "Kingfisher" */;
			productName = Kingfisher;
		};
		FA7BCD572E5B93BF008EB63D /* RealmSwift */ = {
			isa = XCSwiftPackageProductDependency;
			package = FA7BCC3F2E5A12F7008EB63D /* XCRemoteSwiftPackageReference "realm-swift" */;
			productName = RealmSwift;
		};
		FA7BCD5B2E5B93C4008EB63D /* Alamofire */ = {
			isa = XCSwiftPackageProductDependency;
			package = FA7BCC422E5A1303008EB63D /* XCRemoteSwiftPackageReference "Alamofire" */;
			productName = Alamofire;
		};
		FA7BCD5D2E5B93C8008EB63D /* Kingfisher */ = {
			isa = XCSwiftPackageProductDependency;
			package = FA7BCC452E5A130D008EB63D /* XCRemoteSwiftPackageReference "Kingfisher" */;
			productName = Kingfisher;
		};
/* End XCSwiftPackageProductDependency section */
	};
	rootObject = FA7BCB662E5A0049008EB63D /* Project object */;
}
